// !$*UTF8*$!
{
	archiveVersion = 1;
	classes = {
	};
	objectVersion = 56;
	objects = {

/* Begin PBXBuildFile section */
		0730F3E52EF6E788000B598F /* FullscreenMediaView.swift in Sources */ = {isa = PBXBuildFile; fileRef = 0730F3E42EF6E788000B598F /* FullscreenMediaView.swift */; };
		0730F3E72EFC14E3000B598F /* Config.swift in Sources */ = {isa = PBXBuildFile; fileRef = 0730F3E62EFC14E3000B598F /* Config.swift */; };
		0730F3EB2EFD9B85000B598F /* martini_master_offline_db_v2.json in Resources */ = {isa = PBXBuildFile; fileRef = 0730F3EA2EFD9B85000B598F /* martini_master_offline_db_v2.json */; };
		075456022EC9A6E200C45739 /* AuthService.swift in Sources */ = {isa = PBXBuildFile; fileRef = 075455FE2EC9A6E100C45739 /* AuthService.swift */; };
		075456032EC9A6E200C45739 /* LoginView.swift in Sources */ = {isa = PBXBuildFile; fileRef = 075455FF2EC9A6E100C45739 /* LoginView.swift */; };
		075456042EC9A6E200C45739 /* QRScannerView.swift in Sources */ = {isa = PBXBuildFile; fileRef = 075456002EC9A6E100C45739 /* QRScannerView.swift */; };
		075456082EC9AA2100C45739 /* Assets.xcassets in Resources */ = {isa = PBXBuildFile; fileRef = 075456072EC9AA2100C45739 /* Assets.xcassets */; };
		07A6A6862EC9A272002C8EB9 /* MartiniApp.swift in Sources */ = {isa = PBXBuildFile; fileRef = 07A6A6852EC9A272002C8EB9 /* MartiniApp.swift */; };
		07A6A6882EC9A272002C8EB9 /* ContentView.swift in Sources */ = {isa = PBXBuildFile; fileRef = 07A6A6872EC9A272002C8EB9 /* ContentView.swift */; };
		07C904B02EDA8665004EDBFA /* Models.swift in Sources */ = {isa = PBXBuildFile; fileRef = 07C904AF2EDA8665004EDBFA /* Models.swift */; };
		07C904B22EDB92DB004EDBFA /* playground.swift in Sources */ = {isa = PBXBuildFile; fileRef = 07C904B12EDB92D8004EDBFA /* playground.swift */; };
		07C904B42EDB9F3D004EDBFA /* Uiplayground.swift in Sources */ = {isa = PBXBuildFile; fileRef = 07C904B32EDB9F3D004EDBFA /* Uiplayground.swift */; };
		07C904B62EDBAE73004EDBFA /* FrameView.swift in Sources */ = {isa = PBXBuildFile; fileRef = 07C904B52EDBAE73004EDBFA /* FrameView.swift */; };
		07C904B72FE2B5E9004EDBFA /* FrameLayout.swift in Sources */ = {isa = PBXBuildFile; fileRef = 07C904B82FE2B5E9004EDBFA /* FrameLayout.swift */; };
		07C904B82EDC888C004EDBFA /* Helpers.swift in Sources */ = {isa = PBXBuildFile; fileRef = 07C904B72EDC888C004EDBFA /* Helpers.swift */; };
		07C904BE2FF4B4A4004EDBFA /* FullscreenMediaCoordinator.swift in Sources */ = {isa = PBXBuildFile; fileRef = 07C904BD2FF4B4A4004EDBFA /* FullscreenMediaCoordinator.swift */; };
		07D1C1032FF0BBBB00000001 /* ImageCache.swift in Sources */ = {isa = PBXBuildFile; fileRef = 07D1C1022FF0BBBB00000001 /* ImageCache.swift */; };
		07D1C1052FF0BBBB00000002 /* ScheduleCache.swift in Sources */ = {isa = PBXBuildFile; fileRef = 07D1C1042FF0BBBB00000002 /* ScheduleCache.swift */; };
		07E1A0033B7A111100000001 /* ConnectionMonitor.swift in Sources */ = {isa = PBXBuildFile; fileRef = 07E1A0023B7A111100000001 /* ConnectionMonitor.swift */; };
		07F4E0022FF0AAAA00000001 /* RealtimeService.swift in Sources */ = {isa = PBXBuildFile; fileRef = 07F4E0012FF0AAAA00000001 /* RealtimeService.swift */; };
		07F4E0052FF0AAAA00000002 /* WebsocketCalls.swift in Sources */ = {isa = PBXBuildFile; fileRef = 07F4E0032FF0AAAA00000002 /* WebsocketCalls.swift */; };
		13952330E1EF424FADD563ED /* ScoutCamera/ScoutCameraLayout.swift in Sources */ = {isa = PBXBuildFile; fileRef = 2F825837CC9D4A3C884F0F59 /* ScoutCamera/ScoutCameraLayout.swift */; };
		A1B2C3D4E5F60718293A4B5C /* ScoutCamera/ScoutCameraPhotoLayout.swift in Sources */ = {isa = PBXBuildFile; fileRef = D4E5F60718293A4B5CA1B2C3 /* ScoutCamera/ScoutCameraPhotoLayout.swift */; };
		212769B0E99B412F8D9C27E8 /* ScoutCamera/ScoutCameraViewModel.swift in Sources */ = {isa = PBXBuildFile; fileRef = 30240C00983A4B208F56B246 /* ScoutCamera/ScoutCameraViewModel.swift */; };
		2A4CC88C8D6C4B3EB1AF6B93 /* ProjectKit/ProjectKitSelectionStore.swift in Sources */ = {isa = PBXBuildFile; fileRef = 2A4CC88B8D6C4B3EB1AF6B93 /* ProjectKit/ProjectKitSelectionStore.swift */; };
		2C5B05456FA04ED5ACD63C85 /* ScoutCamera/FOV/FOVEngine.swift in Sources */ = {isa = PBXBuildFile; fileRef = C451CF6B5C97405C841E3067 /* ScoutCamera/FOV/FOVEngine.swift */; };
		3953947E4AE944899289AFFB /* ScoutCamera/CameraKit/PhotoCaptureProcessor.swift in Sources */ = {isa = PBXBuildFile; fileRef = 6D1703649E3D46839E5BEC80 /* ScoutCamera/CameraKit/PhotoCaptureProcessor.swift */; };
		4F6E5CDE7B934DF1A75F1C1F /* ScoutCamera/CameraKit/MotionHeadingManager.swift in Sources */ = {isa = PBXBuildFile; fileRef = 4F6E5CDD7B934DF1A75F1C1F /* ScoutCamera/CameraKit/MotionHeadingManager.swift */; };
		57E214BA1EC84898ABC8A8A6 /* SchedulesView.swift in Sources */ = {isa = PBXBuildFile; fileRef = 477F863DD3304428A7C610C5 /* SchedulesView.swift */; };
		5C6E43A1C4B1418B89DCD0E8 /* LocalData/LocalJSONStore.swift in Sources */ = {isa = PBXBuildFile; fileRef = 5C6E43A0C4B1418B89DCD0E8 /* LocalData/LocalJSONStore.swift */; };
		64BD7D501E7D4DA38DFEBBC4 /* ProjectKit/ProjectKitSelectionViews.swift in Sources */ = {isa = PBXBuildFile; fileRef = 2644D6ACDD4A4DC1A33D228A /* ProjectKit/ProjectKitSelectionViews.swift */; };
		7F251D3597AB4FAA834B4741 /* LocalData/DBModels.swift in Sources */ = {isa = PBXBuildFile; fileRef = EBF9DC5BE38645D481011359 /* LocalData/DBModels.swift */; };
		835B9B20D9AC43568A59A541 /* ScoutCamera/FOV/IPhoneCameraModelResolver.swift in Sources */ = {isa = PBXBuildFile; fileRef = 7ABA9E17746C42B581652DB2 /* ScoutCamera/FOV/IPhoneCameraModelResolver.swift */; };
		853E13C7EDA840E285F30AE0 /* Networking/FrameUploadService.swift in Sources */ = {isa = PBXBuildFile; fileRef = C15BCD3610C14777916BDDA9 /* Networking/FrameUploadService.swift */; };
		971BF5F118754777A65B3907 /* ScoutCamera/Processing/PhotoProcessor.swift in Sources */ = {isa = PBXBuildFile; fileRef = 107AD8B89F4A441698E034E1 /* ScoutCamera/Processing/PhotoProcessor.swift */; };
		B97E51D7EFDA491EBD6C974C /* ScoutCamera/CameraKit/CaptureSessionManager.swift in Sources */ = {isa = PBXBuildFile; fileRef = 6B50BC0CE2AA4639AE6F9264 /* ScoutCamera/CameraKit/CaptureSessionManager.swift */; };
		B9D8650A752F4255AD620B9B /* ScoutCamera/ScoutCameraReviewView.swift in Sources */ = {isa = PBXBuildFile; fileRef = 0187390DAD5C4818AD9A0A1B /* ScoutCamera/ScoutCameraReviewView.swift */; };
		C0E3AD0331584BB39C1BE6BA /* ScoutCamera/FOV/FOVMath.swift in Sources */ = {isa = PBXBuildFile; fileRef = 10F9CB29EE71481EB424475E /* ScoutCamera/FOV/FOVMath.swift */; };
		CB0A92282BEE469EB696343F /* ProjectKit/ProjectKitSettingsView.swift in Sources */ = {isa = PBXBuildFile; fileRef = 83E0E90984D6471FA90532C0 /* ProjectKit/ProjectKitSettingsView.swift */; };
		DA0A67A443A94D11B57C5EC6 /* ProjectKit/ProjectKitStore.swift in Sources */ = {isa = PBXBuildFile; fileRef = 988E7BC68EFE4E89B6ADC548 /* ProjectKit/ProjectKitStore.swift */; };
		DAB09D58B6A74211960FDCD9 /* LocalData/PackModels.swift in Sources */ = {isa = PBXBuildFile; fileRef = 38B088F6DDD94E12A8B7997C /* LocalData/PackModels.swift */; };
		EB690597D64040D0AF45694D /* LocalData/Seed/martini_example_db.json in Resources */ = {isa = PBXBuildFile; fileRef = B25D2D8C220E4A7CAE24D403 /* LocalData/Seed/martini_example_db.json */; };
		F501C2E32028424CABAFBC56 /* ScheduleView.swift in Sources */ = {isa = PBXBuildFile; fileRef = 60C91863CD124D159734FD1B /* ScheduleView.swift */; };
		F8C07B4A4CB449BDB50BE3BB /* ScoutCamera/CameraKit/CameraDeviceSelector.swift in Sources */ = {isa = PBXBuildFile; fileRef = A20AFBDAA8904AB283618CF2 /* ScoutCamera/CameraKit/CameraDeviceSelector.swift */; };
/* End PBXBuildFile section */

/* Begin PBXFileReference section */
		0187390DAD5C4818AD9A0A1B /* ScoutCamera/ScoutCameraReviewView.swift */ = {isa = PBXFileReference; lastKnownFileType = sourcecode.swift; path = ScoutCamera/ScoutCameraReviewView.swift; sourceTree = "<group>"; };
		0730F3E42EF6E788000B598F /* FullscreenMediaView.swift */ = {isa = PBXFileReference; lastKnownFileType = sourcecode.swift; path = FullscreenMediaView.swift; sourceTree = "<group>"; };
		0730F3E62EFC14E3000B598F /* Config.swift */ = {isa = PBXFileReference; lastKnownFileType = sourcecode.swift; path = Config.swift; sourceTree = "<group>"; };
		0730F3EA2EFD9B85000B598F /* martini_master_offline_db_v2.json */ = {isa = PBXFileReference; lastKnownFileType = text.json; path = martini_master_offline_db_v2.json; sourceTree = "<group>"; };
		075455FE2EC9A6E100C45739 /* AuthService.swift */ = {isa = PBXFileReference; fileEncoding = 4; lastKnownFileType = sourcecode.swift; path = AuthService.swift; sourceTree = "<group>"; };
		075455FF2EC9A6E100C45739 /* LoginView.swift */ = {isa = PBXFileReference; fileEncoding = 4; lastKnownFileType = sourcecode.swift; path = LoginView.swift; sourceTree = "<group>"; };
		075456002EC9A6E100C45739 /* QRScannerView.swift */ = {isa = PBXFileReference; fileEncoding = 4; lastKnownFileType = sourcecode.swift; path = QRScannerView.swift; sourceTree = "<group>"; };
		075456072EC9AA2100C45739 /* Assets.xcassets */ = {isa = PBXFileReference; lastKnownFileType = folder.assetcatalog; path = Assets.xcassets; sourceTree = "<group>"; };
		07A6A6822EC9A272002C8EB9 /* Martini.app */ = {isa = PBXFileReference; explicitFileType = wrapper.application; includeInIndex = 0; path = Martini.app; sourceTree = BUILT_PRODUCTS_DIR; };
		07A6A6852EC9A272002C8EB9 /* MartiniApp.swift */ = {isa = PBXFileReference; lastKnownFileType = sourcecode.swift; path = MartiniApp.swift; sourceTree = "<group>"; };
		07A6A6872EC9A272002C8EB9 /* ContentView.swift */ = {isa = PBXFileReference; lastKnownFileType = sourcecode.swift; path = ContentView.swift; sourceTree = "<group>"; };
		07ACD0013127F1D000000001 /* Martini.entitlements */ = {isa = PBXFileReference; lastKnownFileType = text.plist.entitlements; path = Martini.entitlements; sourceTree = "<group>"; };
		07C904AE2EDA7A48004EDBFA /* Info.plist */ = {isa = PBXFileReference; lastKnownFileType = text.plist; path = Info.plist; sourceTree = "<group>"; };
		07C904AF2EDA8665004EDBFA /* Models.swift */ = {isa = PBXFileReference; lastKnownFileType = sourcecode.swift; path = Models.swift; sourceTree = "<group>"; };
		07C904B12EDB92D8004EDBFA /* playground.swift */ = {isa = PBXFileReference; lastKnownFileType = sourcecode.swift; path = playground.swift; sourceTree = "<group>"; };
		07C904B32EDB9F3D004EDBFA /* Uiplayground.swift */ = {isa = PBXFileReference; lastKnownFileType = sourcecode.swift; path = Uiplayground.swift; sourceTree = "<group>"; };
		07C904B52EDBAE73004EDBFA /* FrameView.swift */ = {isa = PBXFileReference; lastKnownFileType = sourcecode.swift; path = FrameView.swift; sourceTree = "<group>"; };
		07C904B72EDC888C004EDBFA /* Helpers.swift */ = {isa = PBXFileReference; lastKnownFileType = sourcecode.swift; path = Helpers.swift; sourceTree = "<group>"; };
		07C904B82FE2B5E9004EDBFA /* FrameLayout.swift */ = {isa = PBXFileReference; lastKnownFileType = sourcecode.swift; path = FrameLayout.swift; sourceTree = "<group>"; };
		07C904BD2FF4B4A4004EDBFA /* FullscreenMediaCoordinator.swift */ = {isa = PBXFileReference; lastKnownFileType = sourcecode.swift; path = FullscreenMediaCoordinator.swift; sourceTree = "<group>"; };
		07D1C1022FF0BBBB00000001 /* ImageCache.swift */ = {isa = PBXFileReference; fileEncoding = 4; lastKnownFileType = sourcecode.swift; path = ImageCache.swift; sourceTree = "<group>"; };
		07D1C1042FF0BBBB00000002 /* ScheduleCache.swift */ = {isa = PBXFileReference; fileEncoding = 4; lastKnownFileType = sourcecode.swift; path = ScheduleCache.swift; sourceTree = "<group>"; };
		07E1A0023B7A111100000001 /* ConnectionMonitor.swift */ = {isa = PBXFileReference; fileEncoding = 4; lastKnownFileType = sourcecode.swift; path = ConnectionMonitor.swift; sourceTree = "<group>"; };
		07F4E0012FF0AAAA00000001 /* RealtimeService.swift */ = {isa = PBXFileReference; fileEncoding = 4; lastKnownFileType = sourcecode.swift; path = RealtimeService.swift; sourceTree = "<group>"; };
		07F4E0032FF0AAAA00000002 /* WebsocketCalls.swift */ = {isa = PBXFileReference; fileEncoding = 4; lastKnownFileType = sourcecode.swift; path = WebsocketCalls.swift; sourceTree = "<group>"; };
		107AD8B89F4A441698E034E1 /* ScoutCamera/Processing/PhotoProcessor.swift */ = {isa = PBXFileReference; lastKnownFileType = sourcecode.swift; path = ScoutCamera/Processing/PhotoProcessor.swift; sourceTree = "<group>"; };
		10F9CB29EE71481EB424475E /* ScoutCamera/FOV/FOVMath.swift */ = {isa = PBXFileReference; lastKnownFileType = sourcecode.swift; path = ScoutCamera/FOV/FOVMath.swift; sourceTree = "<group>"; };
		2644D6ACDD4A4DC1A33D228A /* ProjectKit/ProjectKitSelectionViews.swift */ = {isa = PBXFileReference; lastKnownFileType = sourcecode.swift; path = ProjectKit/ProjectKitSelectionViews.swift; sourceTree = "<group>"; };
		2A4CC88B8D6C4B3EB1AF6B93 /* ProjectKit/ProjectKitSelectionStore.swift */ = {isa = PBXFileReference; lastKnownFileType = sourcecode.swift; path = ProjectKit/ProjectKitSelectionStore.swift; sourceTree = "<group>"; };
		2F825837CC9D4A3C884F0F59 /* ScoutCamera/ScoutCameraLayout.swift */ = {isa = PBXFileReference; lastKnownFileType = sourcecode.swift; path = ScoutCamera/ScoutCameraLayout.swift; sourceTree = "<group>"; };
		D4E5F60718293A4B5CA1B2C3 /* ScoutCamera/ScoutCameraPhotoLayout.swift */ = {isa = PBXFileReference; lastKnownFileType = sourcecode.swift; path = ScoutCamera/ScoutCameraPhotoLayout.swift; sourceTree = "<group>"; };
		30240C00983A4B208F56B246 /* ScoutCamera/ScoutCameraViewModel.swift */ = {isa = PBXFileReference; lastKnownFileType = sourcecode.swift; path = ScoutCamera/ScoutCameraViewModel.swift; sourceTree = "<group>"; };
		38B088F6DDD94E12A8B7997C /* LocalData/PackModels.swift */ = {isa = PBXFileReference; lastKnownFileType = sourcecode.swift; path = LocalData/PackModels.swift; sourceTree = "<group>"; };
		477F863DD3304428A7C610C5 /* SchedulesView.swift */ = {isa = PBXFileReference; lastKnownFileType = sourcecode.swift; path = SchedulesView.swift; sourceTree = "<group>"; };
		4F6E5CDD7B934DF1A75F1C1F /* ScoutCamera/CameraKit/MotionHeadingManager.swift */ = {isa = PBXFileReference; lastKnownFileType = sourcecode.swift; path = ScoutCamera/CameraKit/MotionHeadingManager.swift; sourceTree = "<group>"; };
		5C6E43A0C4B1418B89DCD0E8 /* LocalData/LocalJSONStore.swift */ = {isa = PBXFileReference; lastKnownFileType = sourcecode.swift; path = LocalData/LocalJSONStore.swift; sourceTree = "<group>"; };
		60C91863CD124D159734FD1B /* ScheduleView.swift */ = {isa = PBXFileReference; lastKnownFileType = sourcecode.swift; path = ScheduleView.swift; sourceTree = "<group>"; };
		6B50BC0CE2AA4639AE6F9264 /* ScoutCamera/CameraKit/CaptureSessionManager.swift */ = {isa = PBXFileReference; lastKnownFileType = sourcecode.swift; path = ScoutCamera/CameraKit/CaptureSessionManager.swift; sourceTree = "<group>"; };
		6D1703649E3D46839E5BEC80 /* ScoutCamera/CameraKit/PhotoCaptureProcessor.swift */ = {isa = PBXFileReference; lastKnownFileType = sourcecode.swift; path = ScoutCamera/CameraKit/PhotoCaptureProcessor.swift; sourceTree = "<group>"; };
		7ABA9E17746C42B581652DB2 /* ScoutCamera/FOV/IPhoneCameraModelResolver.swift */ = {isa = PBXFileReference; lastKnownFileType = sourcecode.swift; path = ScoutCamera/FOV/IPhoneCameraModelResolver.swift; sourceTree = "<group>"; };
		83E0E90984D6471FA90532C0 /* ProjectKit/ProjectKitSettingsView.swift */ = {isa = PBXFileReference; lastKnownFileType = sourcecode.swift; path = ProjectKit/ProjectKitSettingsView.swift; sourceTree = "<group>"; };
		988E7BC68EFE4E89B6ADC548 /* ProjectKit/ProjectKitStore.swift */ = {isa = PBXFileReference; lastKnownFileType = sourcecode.swift; path = ProjectKit/ProjectKitStore.swift; sourceTree = "<group>"; };
		A20AFBDAA8904AB283618CF2 /* ScoutCamera/CameraKit/CameraDeviceSelector.swift */ = {isa = PBXFileReference; lastKnownFileType = sourcecode.swift; path = ScoutCamera/CameraKit/CameraDeviceSelector.swift; sourceTree = "<group>"; };
		B25D2D8C220E4A7CAE24D403 /* LocalData/Seed/martini_example_db.json */ = {isa = PBXFileReference; lastKnownFileType = text.json; path = LocalData/Seed/martini_example_db.json; sourceTree = "<group>"; };
		C15BCD3610C14777916BDDA9 /* Networking/FrameUploadService.swift */ = {isa = PBXFileReference; lastKnownFileType = sourcecode.swift; path = Networking/FrameUploadService.swift; sourceTree = "<group>"; };
		C451CF6B5C97405C841E3067 /* ScoutCamera/FOV/FOVEngine.swift */ = {isa = PBXFileReference; lastKnownFileType = sourcecode.swift; path = ScoutCamera/FOV/FOVEngine.swift; sourceTree = "<group>"; };
		EBF9DC5BE38645D481011359 /* LocalData/DBModels.swift */ = {isa = PBXFileReference; lastKnownFileType = sourcecode.swift; path = LocalData/DBModels.swift; sourceTree = "<group>"; };
/* End PBXFileReference section */

/* Begin PBXFrameworksBuildPhase section */
		07A6A67F2EC9A272002C8EB9 /* Frameworks */ = {
			isa = PBXFrameworksBuildPhase;
			buildActionMask = 2147483647;
			files = (
			);
			runOnlyForDeploymentPostprocessing = 0;
		};
/* End PBXFrameworksBuildPhase section */

/* Begin PBXGroup section */
		07A6A6792EC9A272002C8EB9 = {
			isa = PBXGroup;
			children = (
				07A6A6842EC9A272002C8EB9 /* Martini */,
				07A6A6832EC9A272002C8EB9 /* Products */,
			);
			sourceTree = "<group>";
		};
		07A6A6832EC9A272002C8EB9 /* Products */ = {
			isa = PBXGroup;
			children = (
				07A6A6822EC9A272002C8EB9 /* Martini.app */,
			);
			name = Products;
			sourceTree = "<group>";
		};
		07A6A6842EC9A272002C8EB9 /* Martini */ = {
			isa = PBXGroup;
			children = (
				0730F3EA2EFD9B85000B598F /* martini_master_offline_db_v2.json */,
				07ACD0013127F1D000000001 /* Martini.entitlements */,
				07C904B12EDB92D8004EDBFA /* playground.swift */,
				07C904B32EDB9F3D004EDBFA /* Uiplayground.swift */,
				07C904AF2EDA8665004EDBFA /* Models.swift */,
				07C904AE2EDA7A48004EDBFA /* Info.plist */,
				07A6A6852EC9A272002C8EB9 /* MartiniApp.swift */,
				07A6A6872EC9A272002C8EB9 /* ContentView.swift */,
				075456072EC9AA2100C45739 /* Assets.xcassets */,
				075455FE2EC9A6E100C45739 /* AuthService.swift */,
				07E1A0023B7A111100000001 /* ConnectionMonitor.swift */,
				075455FF2EC9A6E100C45739 /* LoginView.swift */,
				075456002EC9A6E100C45739 /* QRScannerView.swift */,
				07F4E0012FF0AAAA00000001 /* RealtimeService.swift */,
				07F4E0032FF0AAAA00000002 /* WebsocketCalls.swift */,
				07C904B52EDBAE73004EDBFA /* FrameView.swift */,
				0730F3E42EF6E788000B598F /* FullscreenMediaView.swift */,
				07C904B82FE2B5E9004EDBFA /* FrameLayout.swift */,
				07C904BD2FF4B4A4004EDBFA /* FullscreenMediaCoordinator.swift */,
				07C904B72EDC888C004EDBFA /* Helpers.swift */,
				07D1C1022FF0BBBB00000001 /* ImageCache.swift */,
				07D1C1042FF0BBBB00000002 /* ScheduleCache.swift */,
				477F863DD3304428A7C610C5 /* SchedulesView.swift */,
				60C91863CD124D159734FD1B /* ScheduleView.swift */,
				0730F3E62EFC14E3000B598F /* Config.swift */,
				38B088F6DDD94E12A8B7997C /* LocalData/PackModels.swift */,
				EBF9DC5BE38645D481011359 /* LocalData/DBModels.swift */,
				5C6E43A0C4B1418B89DCD0E8 /* LocalData/LocalJSONStore.swift */,
				B25D2D8C220E4A7CAE24D403 /* LocalData/Seed/martini_example_db.json */,
				2644D6ACDD4A4DC1A33D228A /* ProjectKit/ProjectKitSelectionViews.swift */,
				2F825837CC9D4A3C884F0F59 /* ScoutCamera/ScoutCameraLayout.swift */,
				D4E5F60718293A4B5CA1B2C3 /* ScoutCamera/ScoutCameraPhotoLayout.swift */,
				0187390DAD5C4818AD9A0A1B /* ScoutCamera/ScoutCameraReviewView.swift */,
				30240C00983A4B208F56B246 /* ScoutCamera/ScoutCameraViewModel.swift */,
				6B50BC0CE2AA4639AE6F9264 /* ScoutCamera/CameraKit/CaptureSessionManager.swift */,
				A20AFBDAA8904AB283618CF2 /* ScoutCamera/CameraKit/CameraDeviceSelector.swift */,
				6D1703649E3D46839E5BEC80 /* ScoutCamera/CameraKit/PhotoCaptureProcessor.swift */,
				4F6E5CDD7B934DF1A75F1C1F /* ScoutCamera/CameraKit/MotionHeadingManager.swift */,
				C451CF6B5C97405C841E3067 /* ScoutCamera/FOV/FOVEngine.swift */,
				10F9CB29EE71481EB424475E /* ScoutCamera/FOV/FOVMath.swift */,
				7ABA9E17746C42B581652DB2 /* ScoutCamera/FOV/IPhoneCameraModelResolver.swift */,
				107AD8B89F4A441698E034E1 /* ScoutCamera/Processing/PhotoProcessor.swift */,
				83E0E90984D6471FA90532C0 /* ProjectKit/ProjectKitSettingsView.swift */,
				988E7BC68EFE4E89B6ADC548 /* ProjectKit/ProjectKitStore.swift */,
				2A4CC88B8D6C4B3EB1AF6B93 /* ProjectKit/ProjectKitSelectionStore.swift */,
				C15BCD3610C14777916BDDA9 /* Networking/FrameUploadService.swift */,
			);
			path = Martini;
			sourceTree = "<group>";
		};
/* End PBXGroup section */

/* Begin PBXNativeTarget section */
		07A6A6812EC9A272002C8EB9 /* Martini */ = {
			isa = PBXNativeTarget;
			buildConfigurationList = 07A6A6902EC9A272002C8EB9 /* Build configuration list for PBXNativeTarget "Martini" */;
			buildPhases = (
				07A6A67E2EC9A272002C8EB9 /* Sources */,
				07A6A67F2EC9A272002C8EB9 /* Frameworks */,
				07A6A6802EC9A272002C8EB9 /* Resources */,
			);
			buildRules = (
			);
			dependencies = (
			);
			name = Martini;
			productName = Martini;
			productReference = 07A6A6822EC9A272002C8EB9 /* Martini.app */;
			productType = "com.apple.product-type.application";
		};
/* End PBXNativeTarget section */

/* Begin PBXProject section */
		07A6A67A2EC9A272002C8EB9 /* Project object */ = {
			isa = PBXProject;
			attributes = {
				BuildIndependentTargetsInParallel = 1;
				LastSwiftUpdateCheck = 1540;
				LastUpgradeCheck = 2610;
				TargetAttributes = {
					07A6A6812EC9A272002C8EB9 = {
						CreatedOnToolsVersion = 15.4;
					};
				};
			};
			buildConfigurationList = 07A6A67D2EC9A272002C8EB9 /* Build configuration list for PBXProject "Martini" */;
			compatibilityVersion = "Xcode 14.0";
			developmentRegion = en;
			hasScannedForEncodings = 0;
			knownRegions = (
				en,
				Base,
			);
			mainGroup = 07A6A6792EC9A272002C8EB9;
			productRefGroup = 07A6A6832EC9A272002C8EB9 /* Products */;
			projectDirPath = "";
			projectRoot = "";
			targets = (
				07A6A6812EC9A272002C8EB9 /* Martini */,
			);
		};
/* End PBXProject section */

/* Begin PBXResourcesBuildPhase section */
		07A6A6802EC9A272002C8EB9 /* Resources */ = {
			isa = PBXResourcesBuildPhase;
			buildActionMask = 2147483647;
			files = (
				075456082EC9AA2100C45739 /* Assets.xcassets in Resources */,
				EB690597D64040D0AF45694D /* LocalData/Seed/martini_example_db.json in Resources */,
				0730F3EB2EFD9B85000B598F /* martini_master_offline_db_v2.json in Resources */,
			);
			runOnlyForDeploymentPostprocessing = 0;
		};
/* End PBXResourcesBuildPhase section */

/* Begin PBXSourcesBuildPhase section */
		07A6A67E2EC9A272002C8EB9 /* Sources */ = {
			isa = PBXSourcesBuildPhase;
			buildActionMask = 2147483647;
			files = (
				07C904B42EDB9F3D004EDBFA /* Uiplayground.swift in Sources */,
				075456022EC9A6E200C45739 /* AuthService.swift in Sources */,
				07E1A0033B7A111100000001 /* ConnectionMonitor.swift in Sources */,
				07C904B22EDB92DB004EDBFA /* playground.swift in Sources */,
				07C904B62EDBAE73004EDBFA /* FrameView.swift in Sources */,
				07C904B72FE2B5E9004EDBFA /* FrameLayout.swift in Sources */,
				07D1C1032FF0BBBB00000001 /* ImageCache.swift in Sources */,
				07D1C1052FF0BBBB00000002 /* ScheduleCache.swift in Sources */,
				07A6A6882EC9A272002C8EB9 /* ContentView.swift in Sources */,
				0730F3E52EF6E788000B598F /* FullscreenMediaView.swift in Sources */,
				DAB09D58B6A74211960FDCD9 /* LocalData/PackModels.swift in Sources */,
				64BD7D501E7D4DA38DFEBBC4 /* ProjectKit/ProjectKitSelectionViews.swift in Sources */,
				0730F3E72EFC14E3000B598F /* Config.swift in Sources */,
				07C904BE2FF4B4A4004EDBFA /* FullscreenMediaCoordinator.swift in Sources */,
				07F4E0022FF0AAAA00000001 /* RealtimeService.swift in Sources */,
				07F4E0052FF0AAAA00000002 /* WebsocketCalls.swift in Sources */,
				07C904B82EDC888C004EDBFA /* Helpers.swift in Sources */,
				075456032EC9A6E200C45739 /* LoginView.swift in Sources */,
				57E214BA1EC84898ABC8A8A6 /* SchedulesView.swift in Sources */,
				F501C2E32028424CABAFBC56 /* ScheduleView.swift in Sources */,
				07C904B02EDA8665004EDBFA /* Models.swift in Sources */,
				07A6A6862EC9A272002C8EB9 /* MartiniApp.swift in Sources */,
				075456042EC9A6E200C45739 /* QRScannerView.swift in Sources */,
				13952330E1EF424FADD563ED /* ScoutCamera/ScoutCameraLayout.swift in Sources */,
				A1B2C3D4E5F60718293A4B5C /* ScoutCamera/ScoutCameraPhotoLayout.swift in Sources */,
				B9D8650A752F4255AD620B9B /* ScoutCamera/ScoutCameraReviewView.swift in Sources */,
				212769B0E99B412F8D9C27E8 /* ScoutCamera/ScoutCameraViewModel.swift in Sources */,
				B97E51D7EFDA491EBD6C974C /* ScoutCamera/CameraKit/CaptureSessionManager.swift in Sources */,
				F8C07B4A4CB449BDB50BE3BB /* ScoutCamera/CameraKit/CameraDeviceSelector.swift in Sources */,
				3953947E4AE944899289AFFB /* ScoutCamera/CameraKit/PhotoCaptureProcessor.swift in Sources */,
				4F6E5CDE7B934DF1A75F1C1F /* ScoutCamera/CameraKit/MotionHeadingManager.swift in Sources */,
				2C5B05456FA04ED5ACD63C85 /* ScoutCamera/FOV/FOVEngine.swift in Sources */,
				C0E3AD0331584BB39C1BE6BA /* ScoutCamera/FOV/FOVMath.swift in Sources */,
				835B9B20D9AC43568A59A541 /* ScoutCamera/FOV/IPhoneCameraModelResolver.swift in Sources */,
				971BF5F118754777A65B3907 /* ScoutCamera/Processing/PhotoProcessor.swift in Sources */,
				7F251D3597AB4FAA834B4741 /* LocalData/DBModels.swift in Sources */,
				5C6E43A1C4B1418B89DCD0E8 /* LocalData/LocalJSONStore.swift in Sources */,
				CB0A92282BEE469EB696343F /* ProjectKit/ProjectKitSettingsView.swift in Sources */,
				DA0A67A443A94D11B57C5EC6 /* ProjectKit/ProjectKitStore.swift in Sources */,
				2A4CC88C8D6C4B3EB1AF6B93 /* ProjectKit/ProjectKitSelectionStore.swift in Sources */,
				853E13C7EDA840E285F30AE0 /* Networking/FrameUploadService.swift in Sources */,
			);
			runOnlyForDeploymentPostprocessing = 0;
		};
/* End PBXSourcesBuildPhase section */

/* Begin XCBuildConfiguration section */
		07A6A68E2EC9A272002C8EB9 /* Debug */ = {
			isa = XCBuildConfiguration;
			buildSettings = {
				ALWAYS_SEARCH_USER_PATHS = NO;
				ASSETCATALOG_COMPILER_GENERATE_SWIFT_ASSET_SYMBOL_EXTENSIONS = YES;
				CLANG_ANALYZER_NONNULL = YES;
				CLANG_ANALYZER_NUMBER_OBJECT_CONVERSION = YES_AGGRESSIVE;
				CLANG_CXX_LANGUAGE_STANDARD = "gnu++20";
				CLANG_ENABLE_MODULES = YES;
				CLANG_ENABLE_OBJC_ARC = YES;
				CLANG_ENABLE_OBJC_WEAK = YES;
				CLANG_WARN_BLOCK_CAPTURE_AUTORELEASING = YES;
				CLANG_WARN_BOOL_CONVERSION = YES;
				CLANG_WARN_COMMA = YES;
				CLANG_WARN_CONSTANT_CONVERSION = YES;
				CLANG_WARN_DEPRECATED_OBJC_IMPLEMENTATIONS = YES;
				CLANG_WARN_DIRECT_OBJC_ISA_USAGE = YES_ERROR;
				CLANG_WARN_DOCUMENTATION_COMMENTS = YES;
				CLANG_WARN_EMPTY_BODY = YES;
				CLANG_WARN_ENUM_CONVERSION = YES;
				CLANG_WARN_INFINITE_RECURSION = YES;
				CLANG_WARN_INT_CONVERSION = YES;
				CLANG_WARN_NON_LITERAL_NULL_CONVERSION = YES;
				CLANG_WARN_OBJC_IMPLICIT_RETAIN_SELF = YES;
				CLANG_WARN_OBJC_LITERAL_CONVERSION = YES;
				CLANG_WARN_OBJC_ROOT_CLASS = YES_ERROR;
				CLANG_WARN_QUOTED_INCLUDE_IN_FRAMEWORK_HEADER = YES;
				CLANG_WARN_RANGE_LOOP_ANALYSIS = YES;
				CLANG_WARN_STRICT_PROTOTYPES = YES;
				CLANG_WARN_SUSPICIOUS_MOVE = YES;
				CLANG_WARN_UNGUARDED_AVAILABILITY = YES_AGGRESSIVE;
				CLANG_WARN_UNREACHABLE_CODE = YES;
				CLANG_WARN__DUPLICATE_METHOD_MATCH = YES;
				COPY_PHASE_STRIP = NO;
				DEBUG_INFORMATION_FORMAT = dwarf;
				DEVELOPMENT_TEAM = D6QVB66D66;
				ENABLE_STRICT_OBJC_MSGSEND = YES;
				ENABLE_TESTABILITY = YES;
				ENABLE_USER_SCRIPT_SANDBOXING = YES;
				GCC_C_LANGUAGE_STANDARD = gnu17;
				GCC_DYNAMIC_NO_PIC = NO;
				GCC_NO_COMMON_BLOCKS = YES;
				GCC_OPTIMIZATION_LEVEL = 0;
				GCC_PREPROCESSOR_DEFINITIONS = (
					"DEBUG=1",
					"$(inherited)",
				);
				GCC_WARN_64_TO_32_BIT_CONVERSION = YES;
				GCC_WARN_ABOUT_RETURN_TYPE = YES_ERROR;
				GCC_WARN_UNDECLARED_SELECTOR = YES;
				GCC_WARN_UNINITIALIZED_AUTOS = YES_AGGRESSIVE;
				GCC_WARN_UNUSED_FUNCTION = YES;
				GCC_WARN_UNUSED_VARIABLE = YES;
				IPHONEOS_DEPLOYMENT_TARGET = 17.5;
				LOCALIZATION_PREFERS_STRING_CATALOGS = YES;
				MTL_ENABLE_DEBUG_INFO = INCLUDE_SOURCE;
				MTL_FAST_MATH = YES;
				ONLY_ACTIVE_ARCH = YES;
				SDKROOT = iphoneos;
				STRING_CATALOG_GENERATE_SYMBOLS = YES;
				SWIFT_ACTIVE_COMPILATION_CONDITIONS = "DEBUG $(inherited)";
				SWIFT_OPTIMIZATION_LEVEL = "-Onone";
			};
			name = Debug;
		};
		07A6A68F2EC9A272002C8EB9 /* Release */ = {
			isa = XCBuildConfiguration;
			buildSettings = {
				ALWAYS_SEARCH_USER_PATHS = NO;
				ASSETCATALOG_COMPILER_GENERATE_SWIFT_ASSET_SYMBOL_EXTENSIONS = YES;
				CLANG_ANALYZER_NONNULL = YES;
				CLANG_ANALYZER_NUMBER_OBJECT_CONVERSION = YES_AGGRESSIVE;
				CLANG_CXX_LANGUAGE_STANDARD = "gnu++20";
				CLANG_ENABLE_MODULES = YES;
				CLANG_ENABLE_OBJC_ARC = YES;
				CLANG_ENABLE_OBJC_WEAK = YES;
				CLANG_WARN_BLOCK_CAPTURE_AUTORELEASING = YES;
				CLANG_WARN_BOOL_CONVERSION = YES;
				CLANG_WARN_COMMA = YES;
				CLANG_WARN_CONSTANT_CONVERSION = YES;
				CLANG_WARN_DEPRECATED_OBJC_IMPLEMENTATIONS = YES;
				CLANG_WARN_DIRECT_OBJC_ISA_USAGE = YES_ERROR;
				CLANG_WARN_DOCUMENTATION_COMMENTS = YES;
				CLANG_WARN_EMPTY_BODY = YES;
				CLANG_WARN_ENUM_CONVERSION = YES;
				CLANG_WARN_INFINITE_RECURSION = YES;
				CLANG_WARN_INT_CONVERSION = YES;
				CLANG_WARN_NON_LITERAL_NULL_CONVERSION = YES;
				CLANG_WARN_OBJC_IMPLICIT_RETAIN_SELF = YES;
				CLANG_WARN_OBJC_LITERAL_CONVERSION = YES;
				CLANG_WARN_OBJC_ROOT_CLASS = YES_ERROR;
				CLANG_WARN_QUOTED_INCLUDE_IN_FRAMEWORK_HEADER = YES;
				CLANG_WARN_RANGE_LOOP_ANALYSIS = YES;
				CLANG_WARN_STRICT_PROTOTYPES = YES;
				CLANG_WARN_SUSPICIOUS_MOVE = YES;
				CLANG_WARN_UNGUARDED_AVAILABILITY = YES_AGGRESSIVE;
				CLANG_WARN_UNREACHABLE_CODE = YES;
				CLANG_WARN__DUPLICATE_METHOD_MATCH = YES;
				COPY_PHASE_STRIP = NO;
				DEBUG_INFORMATION_FORMAT = "dwarf-with-dsym";
				DEVELOPMENT_TEAM = D6QVB66D66;
				ENABLE_NS_ASSERTIONS = NO;
				ENABLE_STRICT_OBJC_MSGSEND = YES;
				ENABLE_USER_SCRIPT_SANDBOXING = YES;
				GCC_C_LANGUAGE_STANDARD = gnu17;
				GCC_NO_COMMON_BLOCKS = YES;
				GCC_WARN_64_TO_32_BIT_CONVERSION = YES;
				GCC_WARN_ABOUT_RETURN_TYPE = YES_ERROR;
				GCC_WARN_UNDECLARED_SELECTOR = YES;
				GCC_WARN_UNINITIALIZED_AUTOS = YES_AGGRESSIVE;
				GCC_WARN_UNUSED_FUNCTION = YES;
				GCC_WARN_UNUSED_VARIABLE = YES;
				IPHONEOS_DEPLOYMENT_TARGET = 17.5;
				LOCALIZATION_PREFERS_STRING_CATALOGS = YES;
				MTL_ENABLE_DEBUG_INFO = NO;
				MTL_FAST_MATH = YES;
				SDKROOT = iphoneos;
				STRING_CATALOG_GENERATE_SYMBOLS = YES;
				SWIFT_COMPILATION_MODE = wholemodule;
				VALIDATE_PRODUCT = YES;
			};
			name = Release;
		};
		07A6A6912EC9A272002C8EB9 /* Debug */ = {
			isa = XCBuildConfiguration;
			buildSettings = {
				ASSETCATALOG_COMPILER_APPICON_NAME = MartiniAppIcon;
				ASSETCATALOG_COMPILER_GLOBAL_ACCENT_COLOR_NAME = AccentColor;
				CODE_SIGN_ENTITLEMENTS = Martini/Martini.entitlements;
				CODE_SIGN_STYLE = Automatic;
				CURRENT_PROJECT_VERSION = 1;
				DEVELOPMENT_ASSET_PATHS = "\"Martini/Preview Content\"";
				ENABLE_PREVIEWS = YES;
				GENERATE_INFOPLIST_FILE = YES;
				INFOPLIST_FILE = Martini/Info.plist;
				INFOPLIST_KEY_NSCameraUsageDescription = "Martini needs access to your camera in order to scan QR codes to access Martini projects.";
				INFOPLIST_KEY_UIApplicationSceneManifest_Generation = YES;
				INFOPLIST_KEY_UIApplicationSupportsIndirectInputEvents = YES;
				INFOPLIST_KEY_UILaunchScreen_Generation = YES;
				INFOPLIST_KEY_UISupportedInterfaceOrientations_iPad = "UIInterfaceOrientationPortrait UIInterfaceOrientationPortraitUpsideDown UIInterfaceOrientationLandscapeLeft UIInterfaceOrientationLandscapeRight";
				INFOPLIST_KEY_UISupportedInterfaceOrientations_iPhone = "UIInterfaceOrientationPortrait UIInterfaceOrientationLandscapeLeft UIInterfaceOrientationLandscapeRight";
				INFOPLIST_KEY_UIUserInterfaceStyle = Dark;
				LD_RUNPATH_SEARCH_PATHS = (
					"$(inherited)",
					"@executable_path/Frameworks",
				);
				MARKETING_VERSION = 1.0;
				PRODUCT_BUNDLE_IDENTIFIER = com.martini.Martini;
				PRODUCT_NAME = "$(TARGET_NAME)";
				SWIFT_EMIT_LOC_STRINGS = YES;
				SWIFT_VERSION = 5.0;
				TARGETED_DEVICE_FAMILY = "1,2";
			};
			name = Debug;
		};
		07A6A6922EC9A272002C8EB9 /* Release */ = {
			isa = XCBuildConfiguration;
			buildSettings = {
				ASSETCATALOG_COMPILER_APPICON_NAME = MartiniAppIcon;
				ASSETCATALOG_COMPILER_GLOBAL_ACCENT_COLOR_NAME = AccentColor;
				CODE_SIGN_ENTITLEMENTS = Martini/Martini.entitlements;
				CODE_SIGN_STYLE = Automatic;
				CURRENT_PROJECT_VERSION = 1;
				DEVELOPMENT_ASSET_PATHS = "\"Martini/Preview Content\"";
				ENABLE_PREVIEWS = YES;
				GENERATE_INFOPLIST_FILE = YES;
				INFOPLIST_FILE = Martini/Info.plist;
				INFOPLIST_KEY_NSCameraUsageDescription = "Martini needs access to your camera in order to scan QR codes to access Martini projects.";
				INFOPLIST_KEY_UIApplicationSceneManifest_Generation = YES;
				INFOPLIST_KEY_UIApplicationSupportsIndirectInputEvents = YES;
				INFOPLIST_KEY_UILaunchScreen_Generation = YES;
				INFOPLIST_KEY_UISupportedInterfaceOrientations_iPad = "UIInterfaceOrientationPortrait UIInterfaceOrientationPortraitUpsideDown UIInterfaceOrientationLandscapeLeft UIInterfaceOrientationLandscapeRight";
				INFOPLIST_KEY_UISupportedInterfaceOrientations_iPhone = "UIInterfaceOrientationPortrait UIInterfaceOrientationLandscapeLeft UIInterfaceOrientationLandscapeRight";
				INFOPLIST_KEY_UIUserInterfaceStyle = Dark;
				LD_RUNPATH_SEARCH_PATHS = (
					"$(inherited)",
					"@executable_path/Frameworks",
				);
				MARKETING_VERSION = 1.0;
				PRODUCT_BUNDLE_IDENTIFIER = com.martini.Martini;
				PRODUCT_NAME = "$(TARGET_NAME)";
				SWIFT_EMIT_LOC_STRINGS = YES;
				SWIFT_VERSION = 5.0;
				TARGETED_DEVICE_FAMILY = "1,2";
			};
			name = Release;
		};
/* End XCBuildConfiguration section */

/* Begin XCConfigurationList section */
		07A6A67D2EC9A272002C8EB9 /* Build configuration list for PBXProject "Martini" */ = {
			isa = XCConfigurationList;
			buildConfigurations = (
				07A6A68E2EC9A272002C8EB9 /* Debug */,
				07A6A68F2EC9A272002C8EB9 /* Release */,
			);
			defaultConfigurationIsVisible = 0;
			defaultConfigurationName = Release;
		};
		07A6A6902EC9A272002C8EB9 /* Build configuration list for PBXNativeTarget "Martini" */ = {
			isa = XCConfigurationList;
			buildConfigurations = (
				07A6A6912EC9A272002C8EB9 /* Debug */,
				07A6A6922EC9A272002C8EB9 /* Release */,
			);
			defaultConfigurationIsVisible = 0;
			defaultConfigurationName = Release;
		};
/* End XCConfigurationList section */
	};
	rootObject = 07A6A67A2EC9A272002C8EB9 /* Project object */;
}
